
Microsoft Visual Studio Solution File, Format Version 12.00
# Visual Studio Version 16
VisualStudioVersion = 16.0.30002.166
MinimumVisualStudioVersion = 10.0.40219.1
Project("{FAE04EC0-301F-11D3-BF4B-00C04F79EFBC}") = "UCP1_PAW_022_C", "UCP1_PAW_022_C\UCP1_PAW_022_C.csproj", "{197804F4-B2F7-4A9D-8F9F-15E88B52B8A0}"
EndProject
Global
	GlobalSection(SolutionConfigurationPlatforms) = preSolution
		Debug|Any CPU = Debug|Any CPU
		Release|Any CPU = Release|Any CPU
	EndGlobalSection
	GlobalSection(ProjectConfigurationPlatforms) = postSolution
		{197804F4-B2F7-4A9D-8F9F-15E88B52B8A0}.Debug|Any CPU.ActiveCfg = Debug|Any CPU
		{197804F4-B2F7-4A9D-8F9F-15E88B52B8A0}.Debug|Any CPU.Build.0 = Debug|Any CPU
		{197804F4-B2F7-4A9D-8F9F-15E88B52B8A0}.Release|Any CPU.ActiveCfg = Release|Any CPU
		{197804F4-B2F7-4A9D-8F9F-15E88B52B8A0}.Release|Any CPU.Build.0 = Release|Any CPU
	EndGlobalSection
	GlobalSection(SolutionProperties) = preSolution
		HideSolutionNode = FALSE
	EndGlobalSection
	GlobalSection(ExtensibilityGlobals) = postSolution
		SolutionGuid = {408D44B8-D0D3-4704-B479-B85749B6F852}
	EndGlobalSection
EndGlobal
